
Microsoft Visual Studio Solution File, Format Version 12.00
# Visual Studio Version 16
VisualStudioVersion = 16.0.29025.244
MinimumVisualStudioVersion = 10.0.40219.1
Project("{888888A0-9F3D-457C-B088-3A5042F75D52}") = "FaceDetectionOpenCV", "FaceDetectionOpenCV\FaceDetectionOpenCV.pyproj", "{D2132891-036C-4F31-9FDA-8446AB27D9B0}"
EndProject
Global
	GlobalSection(SolutionConfigurationPlatforms) = preSolution
		Debug|Any CPU = Debug|Any CPU
		Release|Any CPU = Release|Any CPU
	EndGlobalSection
	GlobalSection(ProjectConfigurationPlatforms) = postSolution
		{D2132891-036C-4F31-9FDA-8446AB27D9B0}.Debug|Any CPU.ActiveCfg = Debug|Any CPU
		{D2132891-036C-4F31-9FDA-8446AB27D9B0}.Release|Any CPU.ActiveCfg = Release|Any CPU
	EndGlobalSection
	GlobalSection(SolutionProperties) = preSolution
		HideSolutionNode = FALSE
	EndGlobalSection
	GlobalSection(ExtensibilityGlobals) = postSolution
		SolutionGuid = {C9CFCFFF-6888-4817-A176-A6C8A424197A}
	EndGlobalSection
EndGlobal
